
Microsoft Visual Studio Solution File, Format Version 12.00
# Visual Studio Version 16
VisualStudioVersion = 16.6.30114.105
MinimumVisualStudioVersion = 10.0.40219.1
Project("{9A19103F-16F7-4668-BE54-9A1E7A4F7556}") = "R5T.T0103", "R5T.T0103\R5T.T0103.csproj", "{8A5F2FC0-06A6-4454-BC7E-BDA71074F497}"
EndProject
Project("{2150E333-8FDC-42A3-9474-1A3956D46DE8}") = "_Dependencies", "_Dependencies", "{99491367-5000-4E1C-B511-9344251C5BFB}"
EndProject
Project("{9A19103F-16F7-4668-BE54-9A1E7A4F7556}") = "R5T.T0039.T002", "..\..\R5T.T0039\source\R5T.T0039.T002\R5T.T0039.T002.csproj", "{C4843260-9DBC-4CFA-9A28-9186851FBD64}"
EndProject
Project("{9A19103F-16F7-4668-BE54-9A1E7A4F7556}") = "R5T.T0103.X002", "R5T.T0103.X002\R5T.T0103.X002.csproj", "{321EA7C2-71A7-4DF8-8B15-9D0F762B3CD9}"
EndProject
Project("{9A19103F-16F7-4668-BE54-9A1E7A4F7556}") = "R5T.T0106", "..\..\R5T.T0106\source\R5T.T0106\R5T.T0106.csproj", "{81030A94-0739-46D4-83F0-20C2CBC3E6AB}"
EndProject
Project("{9A19103F-16F7-4668-BE54-9A1E7A4F7556}") = "R5T.T0041.X002", "..\..\R5T.T0041\source\R5T.T0041.X002\R5T.T0041.X002.csproj", "{24F22BCA-BCE2-4796-8214-620D7659850D}"
EndProject
Project("{9A19103F-16F7-4668-BE54-9A1E7A4F7556}") = "R5T.T0108.X001", "..\..\R5T.T0108\source\R5T.T0108.X001\R5T.T0108.X001.csproj", "{C4F7BD84-1047-49AF-82B2-982BD652C972}"
EndProject
Global
	GlobalSection(SolutionConfigurationPlatforms) = preSolution
		Debug|Any CPU = Debug|Any CPU
		Debug|x64 = Debug|x64
		Debug|x86 = Debug|x86
		Release|Any CPU = Release|Any CPU
		Release|x64 = Release|x64
		Release|x86 = Release|x86
	EndGlobalSection
	GlobalSection(ProjectConfigurationPlatforms) = postSolution
		{8A5F2FC0-06A6-4454-BC7E-BDA71074F497}.Debug|Any CPU.ActiveCfg = Debug|Any CPU
		{8A5F2FC0-06A6-4454-BC7E-BDA71074F497}.Debug|Any CPU.Build.0 = Debug|Any CPU
		{8A5F2FC0-06A6-4454-BC7E-BDA71074F497}.Debug|x64.ActiveCfg = Debug|Any CPU
		{8A5F2FC0-06A6-4454-BC7E-BDA71074F497}.Debug|x64.Build.0 = Debug|Any CPU
		{8A5F2FC0-06A6-4454-BC7E-BDA71074F497}.Debug|x86.ActiveCfg = Debug|Any CPU
		{8A5F2FC0-06A6-4454-BC7E-BDA71074F497}.Debug|x86.Build.0 = Debug|Any CPU
		{8A5F2FC0-06A6-4454-BC7E-BDA71074F497}.Release|Any CPU.ActiveCfg = Release|Any CPU
		{8A5F2FC0-06A6-4454-BC7E-BDA71074F497}.Release|Any CPU.Build.0 = Release|Any CPU
		{8A5F2FC0-06A6-4454-BC7E-BDA71074F497}.Release|x64.ActiveCfg = Release|Any CPU
		{8A5F2FC0-06A6-4454-BC7E-BDA71074F497}.Release|x64.Build.0 = Release|Any CPU
		{8A5F2FC0-06A6-4454-BC7E-BDA71074F497}.Release|x86.ActiveCfg = Release|Any CPU
		{8A5F2FC0-06A6-4454-BC7E-BDA71074F497}.Release|x86.Build.0 = Release|Any CPU
		{C4843260-9DBC-4CFA-9A28-9186851FBD64}.Debug|Any CPU.ActiveCfg = Debug|Any CPU
		{C4843260-9DBC-4CFA-9A28-9186851FBD64}.Debug|Any CPU.Build.0 = Debug|Any CPU
		{C4843260-9DBC-4CFA-9A28-9186851FBD64}.Debug|x64.ActiveCfg = Debug|Any CPU
		{C4843260-9DBC-4CFA-9A28-9186851FBD64}.Debug|x64.Build.0 = Debug|Any CPU
		{C4843260-9DBC-4CFA-9A28-9186851FBD64}.Debug|x86.ActiveCfg = Debug|Any CPU
		{C4843260-9DBC-4CFA-9A28-9186851FBD64}.Debug|x86.Build.0 = Debug|Any CPU
		{C4843260-9DBC-4CFA-9A28-9186851FBD64}.Release|Any CPU.ActiveCfg = Release|Any CPU
		{C4843260-9DBC-4CFA-9A28-9186851FBD64}.Release|Any CPU.Build.0 = Release|Any CPU
		{C4843260-9DBC-4CFA-9A28-9186851FBD64}.Release|x64.ActiveCfg = Release|Any CPU
		{C4843260-9DBC-4CFA-9A28-9186851FBD64}.Release|x64.Build.0 = Release|Any CPU
		{C4843260-9DBC-4CFA-9A28-9186851FBD64}.Release|x86.ActiveCfg = Release|Any CPU
		{C4843260-9DBC-4CFA-9A28-9186851FBD64}.Release|x86.Build.0 = Release|Any CPU
		{321EA7C2-71A7-4DF8-8B15-9D0F762B3CD9}.Debug|Any CPU.ActiveCfg = Debug|Any CPU
		{321EA7C2-71A7-4DF8-8B15-9D0F762B3CD9}.Debug|Any CPU.Build.0 = Debug|Any CPU
		{321EA7C2-71A7-4DF8-8B15-9D0F762B3CD9}.Debug|x64.ActiveCfg = Debug|Any CPU
		{321EA7C2-71A7-4DF8-8B15-9D0F762B3CD9}.Debug|x64.Build.0 = Debug|Any CPU
		{321EA7C2-71A7-4DF8-8B15-9D0F762B3CD9}.Debug|x86.ActiveCfg = Debug|Any CPU
		{321EA7C2-71A7-4DF8-8B15-9D0F762B3CD9}.Debug|x86.Build.0 = Debug|Any CPU
		{321EA7C2-71A7-4DF8-8B15-9D0F762B3CD9}.Release|Any CPU.ActiveCfg = Release|Any CPU
		{321EA7C2-71A7-4DF8-8B15-9D0F762B3CD9}.Release|Any CPU.Build.0 = Release|Any CPU
		{321EA7C2-71A7-4DF8-8B15-9D0F762B3CD9}.Release|x64.ActiveCfg = Release|Any CPU
		{321EA7C2-71A7-4DF8-8B15-9D0F762B3CD9}.Release|x64.Build.0 = Release|Any CPU
		{321EA7C2-71A7-4DF8-8B15-9D0F762B3CD9}.Release|x86.ActiveCfg = Release|Any CPU
		{321EA7C2-71A7-4DF8-8B15-9D0F762B3CD9}.Release|x86.Build.0 = Release|Any CPU
		{81030A94-0739-46D4-83F0-20C2CBC3E6AB}.Debug|Any CPU.ActiveCfg = Debug|Any CPU
		{81030A94-0739-46D4-83F0-20C2CBC3E6AB}.Debug|Any CPU.Build.0 = Debug|Any CPU
		{81030A94-0739-46D4-83F0-20C2CBC3E6AB}.Debug|x64.ActiveCfg = Debug|Any CPU
		{81030A94-0739-46D4-83F0-20C2CBC3E6AB}.Debug|x64.Build.0 = Debug|Any CPU
		{81030A94-0739-46D4-83F0-20C2CBC3E6AB}.Debug|x86.ActiveCfg = Debug|Any CPU
		{81030A94-0739-46D4-83F0-20C2CBC3E6AB}.Debug|x86.Build.0 = Debug|Any CPU
		{81030A94-0739-46D4-83F0-20C2CBC3E6AB}.Release|Any CPU.ActiveCfg = Release|Any CPU
		{81030A94-0739-46D4-83F0-20C2CBC3E6AB}.Release|Any CPU.Build.0 = Release|Any CPU
		{81030A94-0739-46D4-83F0-20C2CBC3E6AB}.Release|x64.ActiveCfg = Release|Any CPU
		{81030A94-0739-46D4-83F0-20C2CBC3E6AB}.Release|x64.Build.0 = Release|Any CPU
		{81030A94-0739-46D4-83F0-20C2CBC3E6AB}.Release|x86.ActiveCfg = Release|Any CPU
		{81030A94-0739-46D4-83F0-20C2CBC3E6AB}.Release|x86.Build.0 = Release|Any CPU
		{24F22BCA-BCE2-4796-8214-620D7659850D}.Debug|Any CPU.ActiveCfg = Debug|Any CPU
		{24F22BCA-BCE2-4796-8214-620D7659850D}.Debug|Any CPU.Build.0 = Debug|Any CPU
		{24F22BCA-BCE2-4796-8214-620D7659850D}.Debug|x64.ActiveCfg = Debug|Any CPU
		{24F22BCA-BCE2-4796-8214-620D7659850D}.Debug|x64.Build.0 = Debug|Any CPU
		{24F22BCA-BCE2-4796-8214-620D7659850D}.Debug|x86.ActiveCfg = Debug|Any CPU
		{24F22BCA-BCE2-4796-8214-620D7659850D}.Debug|x86.Build.0 = Debug|Any CPU
		{24F22BCA-BCE2-4796-8214-620D7659850D}.Release|Any CPU.ActiveCfg = Release|Any CPU
		{24F22BCA-BCE2-4796-8214-620D7659850D}.Release|Any CPU.Build.0 = Release|Any CPU
		{24F22BCA-BCE2-4796-8214-620D7659850D}.Release|x64.ActiveCfg = Release|Any CPU
		{24F22BCA-BCE2-4796-8214-620D7659850D}.Release|x64.Build.0 = Release|Any CPU
		{24F22BCA-BCE2-4796-8214-620D7659850D}.Release|x86.ActiveCfg = Release|Any CPU
		{24F22BCA-BCE2-4796-8214-620D7659850D}.Release|x86.Build.0 = Release|Any CPU
		{C4F7BD84-1047-49AF-82B2-982BD652C972}.Debug|Any CPU.ActiveCfg = Debug|Any CPU
		{C4F7BD84-1047-49AF-82B2-982BD652C972}.Debug|Any CPU.Build.0 = Debug|Any CPU
		{C4F7BD84-1047-49AF-82B2-982BD652C972}.Debug|x64.ActiveCfg = Debug|Any CPU
		{C4F7BD84-1047-49AF-82B2-982BD652C972}.Debug|x64.Build.0 = Debug|Any CPU
		{C4F7BD84-1047-49AF-82B2-982BD652C972}.Debug|x86.ActiveCfg = Debug|Any CPU
		{C4F7BD84-1047-49AF-82B2-982BD652C972}.Debug|x86.Build.0 = Debug|Any CPU
		{C4F7BD84-1047-49AF-82B2-982BD652C972}.Release|Any CPU.ActiveCfg = Release|Any CPU
		{C4F7BD84-1047-49AF-82B2-982BD652C972}.Release|Any CPU.Build.0 = Release|Any CPU
		{C4F7BD84-1047-49AF-82B2-982BD652C972}.Release|x64.ActiveCfg = Release|Any CPU
		{C4F7BD84-1047-49AF-82B2-982BD652C972}.Release|x64.Build.0 = Release|Any CPU
		{C4F7BD84-1047-49AF-82B2-982BD652C972}.Release|x86.ActiveCfg = Release|Any CPU
		{C4F7BD84-1047-49AF-82B2-982BD652C972}.Release|x86.Build.0 = Release|Any CPU
	EndGlobalSection
	GlobalSection(SolutionProperties) = preSolution
		HideSolutionNode = FALSE
	EndGlobalSection
	GlobalSection(NestedProjects) = preSolution
		{C4843260-9DBC-4CFA-9A28-9186851FBD64} = {99491367-5000-4E1C-B511-9344251C5BFB}
		{81030A94-0739-46D4-83F0-20C2CBC3E6AB} = {99491367-5000-4E1C-B511-9344251C5BFB}
		{24F22BCA-BCE2-4796-8214-620D7659850D} = {99491367-5000-4E1C-B511-9344251C5BFB}
		{C4F7BD84-1047-49AF-82B2-982BD652C972} = {99491367-5000-4E1C-B511-9344251C5BFB}
	EndGlobalSection
	GlobalSection(ExtensibilityGlobals) = postSolution
		SolutionGuid = {3DF209E8-37E0-41F5-8DF8-D878D2B72782}
	EndGlobalSection
EndGlobal
