
Microsoft Visual Studio Solution File, Format Version 12.00
# Visual Studio Version 16
VisualStudioVersion = 16.6.30114.105
MinimumVisualStudioVersion = 10.0.40219.1
Project("{FAE04EC0-301F-11D3-BF4B-00C04F79EFBC}") = "R5T.T0103.Construction", "R5T.T0103.Construction\R5T.T0103.Construction.csproj", "{A22CA1BD-F7EC-465C-A030-352C07C5D24E}"
EndProject
Project("{FAE04EC0-301F-11D3-BF4B-00C04F79EFBC}") = "R5T.T0103", "R5T.T0103\R5T.T0103.csproj", "{BC235CB5-E86A-4B10-9443-3E1645EE501C}"
EndProject
Global
	GlobalSection(SolutionConfigurationPlatforms) = preSolution
		Debug|Any CPU = Debug|Any CPU
		Debug|x64 = Debug|x64
		Debug|x86 = Debug|x86
		Release|Any CPU = Release|Any CPU
		Release|x64 = Release|x64
		Release|x86 = Release|x86
	EndGlobalSection
	GlobalSection(SolutionProperties) = preSolution
		HideSolutionNode = FALSE
	EndGlobalSection
	GlobalSection(ProjectConfigurationPlatforms) = postSolution
		{A22CA1BD-F7EC-465C-A030-352C07C5D24E}.Debug|Any CPU.ActiveCfg = Debug|Any CPU
		{A22CA1BD-F7EC-465C-A030-352C07C5D24E}.Debug|Any CPU.Build.0 = Debug|Any CPU
		{A22CA1BD-F7EC-465C-A030-352C07C5D24E}.Debug|x64.ActiveCfg = Debug|Any CPU
		{A22CA1BD-F7EC-465C-A030-352C07C5D24E}.Debug|x64.Build.0 = Debug|Any CPU
		{A22CA1BD-F7EC-465C-A030-352C07C5D24E}.Debug|x86.ActiveCfg = Debug|Any CPU
		{A22CA1BD-F7EC-465C-A030-352C07C5D24E}.Debug|x86.Build.0 = Debug|Any CPU
		{A22CA1BD-F7EC-465C-A030-352C07C5D24E}.Release|Any CPU.ActiveCfg = Release|Any CPU
		{A22CA1BD-F7EC-465C-A030-352C07C5D24E}.Release|Any CPU.Build.0 = Release|Any CPU
		{A22CA1BD-F7EC-465C-A030-352C07C5D24E}.Release|x64.ActiveCfg = Release|Any CPU
		{A22CA1BD-F7EC-465C-A030-352C07C5D24E}.Release|x64.Build.0 = Release|Any CPU
		{A22CA1BD-F7EC-465C-A030-352C07C5D24E}.Release|x86.ActiveCfg = Release|Any CPU
		{A22CA1BD-F7EC-465C-A030-352C07C5D24E}.Release|x86.Build.0 = Release|Any CPU
		{BC235CB5-E86A-4B10-9443-3E1645EE501C}.Debug|Any CPU.ActiveCfg = Debug|Any CPU
		{BC235CB5-E86A-4B10-9443-3E1645EE501C}.Debug|Any CPU.Build.0 = Debug|Any CPU
		{BC235CB5-E86A-4B10-9443-3E1645EE501C}.Debug|x64.ActiveCfg = Debug|Any CPU
		{BC235CB5-E86A-4B10-9443-3E1645EE501C}.Debug|x64.Build.0 = Debug|Any CPU
		{BC235CB5-E86A-4B10-9443-3E1645EE501C}.Debug|x86.ActiveCfg = Debug|Any CPU
		{BC235CB5-E86A-4B10-9443-3E1645EE501C}.Debug|x86.Build.0 = Debug|Any CPU
		{BC235CB5-E86A-4B10-9443-3E1645EE501C}.Release|Any CPU.ActiveCfg = Release|Any CPU
		{BC235CB5-E86A-4B10-9443-3E1645EE501C}.Release|Any CPU.Build.0 = Release|Any CPU
		{BC235CB5-E86A-4B10-9443-3E1645EE501C}.Release|x64.ActiveCfg = Release|Any CPU
		{BC235CB5-E86A-4B10-9443-3E1645EE501C}.Release|x64.Build.0 = Release|Any CPU
		{BC235CB5-E86A-4B10-9443-3E1645EE501C}.Release|x86.ActiveCfg = Release|Any CPU
		{BC235CB5-E86A-4B10-9443-3E1645EE501C}.Release|x86.Build.0 = Release|Any CPU
	EndGlobalSection
EndGlobal
