
Microsoft Visual Studio Solution File, Format Version 12.00
# Visual Studio Version 16
VisualStudioVersion = 16.6.30114.105
MinimumVisualStudioVersion = 10.0.40219.1
Project("{FAE04EC0-301F-11D3-BF4B-00C04F79EFBC}") = "R5T.T0103", "R5T.T0103\R5T.T0103.csproj", "{8A5F2FC0-06A6-4454-BC7E-BDA71074F497}"
EndProject
Project("{2150E333-8FDC-42A3-9474-1A3956D46DE8}") = "_Dependencies", "_Dependencies", "{99491367-5000-4E1C-B511-9344251C5BFB}"
EndProject
Project("{FAE04EC0-301F-11D3-BF4B-00C04F79EFBC}") = "R5T.Magyar", "..\..\R5T.Magyar\source\R5T.Magyar\R5T.Magyar.csproj", "{2BD28B1C-C335-46C5-AB37-478E194EA3B6}"
EndProject
Global
	GlobalSection(SolutionConfigurationPlatforms) = preSolution
		Debug|Any CPU = Debug|Any CPU
		Debug|x64 = Debug|x64
		Debug|x86 = Debug|x86
		Release|Any CPU = Release|Any CPU
		Release|x64 = Release|x64
		Release|x86 = Release|x86
	EndGlobalSection
	GlobalSection(SolutionProperties) = preSolution
		HideSolutionNode = FALSE
	EndGlobalSection
	GlobalSection(ProjectConfigurationPlatforms) = postSolution
		{8A5F2FC0-06A6-4454-BC7E-BDA71074F497}.Debug|Any CPU.ActiveCfg = Debug|Any CPU
		{8A5F2FC0-06A6-4454-BC7E-BDA71074F497}.Debug|Any CPU.Build.0 = Debug|Any CPU
		{8A5F2FC0-06A6-4454-BC7E-BDA71074F497}.Debug|x64.ActiveCfg = Debug|Any CPU
		{8A5F2FC0-06A6-4454-BC7E-BDA71074F497}.Debug|x64.Build.0 = Debug|Any CPU
		{8A5F2FC0-06A6-4454-BC7E-BDA71074F497}.Debug|x86.ActiveCfg = Debug|Any CPU
		{8A5F2FC0-06A6-4454-BC7E-BDA71074F497}.Debug|x86.Build.0 = Debug|Any CPU
		{8A5F2FC0-06A6-4454-BC7E-BDA71074F497}.Release|Any CPU.ActiveCfg = Release|Any CPU
		{8A5F2FC0-06A6-4454-BC7E-BDA71074F497}.Release|Any CPU.Build.0 = Release|Any CPU
		{8A5F2FC0-06A6-4454-BC7E-BDA71074F497}.Release|x64.ActiveCfg = Release|Any CPU
		{8A5F2FC0-06A6-4454-BC7E-BDA71074F497}.Release|x64.Build.0 = Release|Any CPU
		{8A5F2FC0-06A6-4454-BC7E-BDA71074F497}.Release|x86.ActiveCfg = Release|Any CPU
		{8A5F2FC0-06A6-4454-BC7E-BDA71074F497}.Release|x86.Build.0 = Release|Any CPU
		{2BD28B1C-C335-46C5-AB37-478E194EA3B6}.Debug|Any CPU.ActiveCfg = Debug|Any CPU
		{2BD28B1C-C335-46C5-AB37-478E194EA3B6}.Debug|Any CPU.Build.0 = Debug|Any CPU
		{2BD28B1C-C335-46C5-AB37-478E194EA3B6}.Debug|x64.ActiveCfg = Debug|Any CPU
		{2BD28B1C-C335-46C5-AB37-478E194EA3B6}.Debug|x64.Build.0 = Debug|Any CPU
		{2BD28B1C-C335-46C5-AB37-478E194EA3B6}.Debug|x86.ActiveCfg = Debug|Any CPU
		{2BD28B1C-C335-46C5-AB37-478E194EA3B6}.Debug|x86.Build.0 = Debug|Any CPU
		{2BD28B1C-C335-46C5-AB37-478E194EA3B6}.Release|Any CPU.ActiveCfg = Release|Any CPU
		{2BD28B1C-C335-46C5-AB37-478E194EA3B6}.Release|Any CPU.Build.0 = Release|Any CPU
		{2BD28B1C-C335-46C5-AB37-478E194EA3B6}.Release|x64.ActiveCfg = Release|Any CPU
		{2BD28B1C-C335-46C5-AB37-478E194EA3B6}.Release|x64.Build.0 = Release|Any CPU
		{2BD28B1C-C335-46C5-AB37-478E194EA3B6}.Release|x86.ActiveCfg = Release|Any CPU
		{2BD28B1C-C335-46C5-AB37-478E194EA3B6}.Release|x86.Build.0 = Release|Any CPU
	EndGlobalSection
	GlobalSection(NestedProjects) = preSolution
		{2BD28B1C-C335-46C5-AB37-478E194EA3B6} = {99491367-5000-4E1C-B511-9344251C5BFB}
	EndGlobalSection
EndGlobal
